
Microsoft Visual Studio Solution File, Format Version 12.00
# Visual Studio Version 16
VisualStudioVersion = 16.0.31424.327
MinimumVisualStudioVersion = 10.0.40219.1
Project("{FAE04EC0-301F-11D3-BF4B-00C04F79EFBC}") = "CA", "CA\CA.csproj", "{0DFA3817-1040-4F05-926F-69FC5F65BF5A}"
EndProject
Global
	GlobalSection(SolutionConfigurationPlatforms) = preSolution
		Debug|Any CPU = Debug|Any CPU
		Release|Any CPU = Release|Any CPU
	EndGlobalSection
	GlobalSection(ProjectConfigurationPlatforms) = postSolution
		{0DFA3817-1040-4F05-926F-69FC5F65BF5A}.Debug|Any CPU.ActiveCfg = Debug|Any CPU
		{0DFA3817-1040-4F05-926F-69FC5F65BF5A}.Debug|Any CPU.Build.0 = Debug|Any CPU
		{0DFA3817-1040-4F05-926F-69FC5F65BF5A}.Release|Any CPU.ActiveCfg = Release|Any CPU
		{0DFA3817-1040-4F05-926F-69FC5F65BF5A}.Release|Any CPU.Build.0 = Release|Any CPU
	EndGlobalSection
	GlobalSection(SolutionProperties) = preSolution
		HideSolutionNode = FALSE
	EndGlobalSection
	GlobalSection(ExtensibilityGlobals) = postSolution
		SolutionGuid = {0BB3F91C-4A85-4128-A69B-09139709E030}
	EndGlobalSection
EndGlobal
